# This file is automatically @generated by Cargo.
# It is not intended for manual editing.
[[package]]
name = "arrayvec"
version = "0.4.12"
source = "registry+https://github.com/rust-lang/crates.io-index"
dependencies = [
 "nodrop 0.1.14 (registry+https://github.com/rust-lang/crates.io-index)",
]

[[package]]
name = "autocfg"
version = "1.0.1"
source = "registry+https://github.com/rust-lang/crates.io-index"

[[package]]
name = "bitflags"
version = "1.2.1"
source = "registry+https://github.com/rust-lang/crates.io-index"

[[package]]
name = "hfo2"
version = "0.1.0"
dependencies = [
 "arrayvec 0.4.12 (registry+https://github.com/rust-lang/crates.io-index)",
 "bitflags 1.2.1 (registry+https://github.com/rust-lang/crates.io-index)",
 "memoffset 0.5.6 (registry+https://github.com/rust-lang/crates.io-index)",
 "reduce 0.1.4 (registry+https://github.com/rust-lang/crates.io-index)",
 "scopeguard 1.1.0 (registry+https://github.com/rust-lang/crates.io-index)",
 "static_assertions 1.1.0 (registry+https://github.com/rust-lang/crates.io-index)",
]

[[package]]
name = "memoffset"
version = "0.5.6"
source = "registry+https://github.com/rust-lang/crates.io-index"
dependencies = [
 "autocfg 1.0.1 (registry+https://github.com/rust-lang/crates.io-index)",
]

[[package]]
name = "nodrop"
version = "0.1.14"
source = "registry+https://github.com/rust-lang/crates.io-index"

[[package]]
name = "reduce"
version = "0.1.4"
source = "registry+https://github.com/rust-lang/crates.io-index"

[[package]]
name = "scopeguard"
version = "1.1.0"
source = "registry+https://github.com/rust-lang/crates.io-index"

[[package]]
name = "static_assertions"
version = "1.1.0"
source = "registry+https://github.com/rust-lang/crates.io-index"

[metadata]
"checksum arrayvec 0.4.12 (registry+https://github.com/rust-lang/crates.io-index)" = "cd9fd44efafa8690358b7408d253adf110036b88f55672a933f01d616ad9b1b9"
"checksum autocfg 1.0.1 (registry+https://github.com/rust-lang/crates.io-index)" = "cdb031dd78e28731d87d56cc8ffef4a8f36ca26c38fe2de700543e627f8a464a"
"checksum bitflags 1.2.1 (registry+https://github.com/rust-lang/crates.io-index)" = "cf1de2fe8c75bc145a2f577add951f8134889b4795d47466a54a5c846d691693"
"checksum memoffset 0.5.6 (registry+https://github.com/rust-lang/crates.io-index)" = "043175f069eda7b85febe4a74abbaeff828d9f8b448515d3151a14a3542811aa"
"checksum nodrop 0.1.14 (registry+https://github.com/rust-lang/crates.io-index)" = "72ef4a56884ca558e5ddb05a1d1e7e1bfd9a68d9ed024c21704cc98872dae1bb"
"checksum reduce 0.1.4 (registry+https://github.com/rust-lang/crates.io-index)" = "16d2dc47b68ac15ea328cd7ebe01d7d512ed29787f7d534ad2a3c341328b35d7"
"checksum scopeguard 1.1.0 (registry+https://github.com/rust-lang/crates.io-index)" = "d29ab0c6d3fc0ee92fe66e2d99f700eab17a8d57d1c1d3b748380fb20baa78cd"
"checksum static_assertions 1.1.0 (registry+https://github.com/rust-lang/crates.io-index)" = "a2eb9349b6444b326872e140eb1cf5e7c522154d69e7a0ffb0fb81c06b37543f"
